// !$*UTF8*$!
{
	archiveVersion = 1;
	classes = {
	};
	objectVersion = 46;
	objects = {

/* Begin PBXBuildFile section */
		DA03D0F51CB4EDB6007456EE /* AppDelegate.swift in Sources */ = {isa = PBXBuildFile; fileRef = DA03D0F41CB4EDB6007456EE /* AppDelegate.swift */; };
		DA03D0F71CB4EDB6007456EE /* ViewController.swift in Sources */ = {isa = PBXBuildFile; fileRef = DA03D0F61CB4EDB6007456EE /* ViewController.swift */; };
		DA03D0FA1CB4EDB6007456EE /* Main.storyboard in Resources */ = {isa = PBXBuildFile; fileRef = DA03D0F81CB4EDB6007456EE /* Main.storyboard */; };
		DA03D0FC1CB4EDB6007456EE /* Assets.xcassets in Resources */ = {isa = PBXBuildFile; fileRef = DA03D0FB1CB4EDB6007456EE /* Assets.xcassets */; };
		DA03D0FF1CB4EDB6007456EE /* LaunchScreen.storyboard in Resources */ = {isa = PBXBuildFile; fileRef = DA03D0FD1CB4EDB6007456EE /* LaunchScreen.storyboard */; };
		DA03D1091CBAB368007456EE /* sagrada-familia.jpg in Resources */ = {isa = PBXBuildFile; fileRef = DA03D1071CBAB368007456EE /* sagrada-familia.jpg */; };
		DA03D10A1CBAB368007456EE /* albert einstein.png in Resources */ = {isa = PBXBuildFile; fileRef = DA03D1081CBAB368007456EE /* albert einstein.png */; };
		DA03D10C1CBAB776007456EE /* albert_Eint_stamp.jpg in Resources */ = {isa = PBXBuildFile; fileRef = DA03D10B1CBAB776007456EE /* albert_Eint_stamp.jpg */; };
/* End PBXBuildFile section */

/* Begin PBXFileReference section */
		DA03D0F11CB4EDB6007456EE /* Postcard.app */ = {isa = PBXFileReference; explicitFileType = wrapper.application; includeInIndex = 0; path = Postcard.app; sourceTree = BUILT_PRODUCTS_DIR; };
		DA03D0F41CB4EDB6007456EE /* AppDelegate.swift */ = {isa = PBXFileReference; lastKnownFileType = sourcecode.swift; path = AppDelegate.swift; sourceTree = "<group>"; };
		DA03D0F61CB4EDB6007456EE /* ViewController.swift */ = {isa = PBXFileReference; lastKnownFileType = sourcecode.swift; path = ViewController.swift; sourceTree = "<group>"; };
		DA03D0F91CB4EDB6007456EE /* Base */ = {isa = PBXFileReference; lastKnownFileType = file.storyboard; name = Base; path = Base.lproj/Main.storyboard; sourceTree = "<group>"; };
		DA03D0FB1CB4EDB6007456EE /* Assets.xcassets */ = {isa = PBXFileReference; lastKnownFileType = folder.assetcatalog; path = Assets.xcassets; sourceTree = "<group>"; };
		DA03D0FE1CB4EDB6007456EE /* Base */ = {isa = PBXFileReference; lastKnownFileType = file.storyboard; name = Base; path = Base.lproj/LaunchScreen.storyboard; sourceTree = "<group>"; };
		DA03D1001CB4EDB6007456EE /* Info.plist */ = {isa = PBXFileReference; lastKnownFileType = text.plist.xml; path = Info.plist; sourceTree = "<group>"; };
		DA03D1071CBAB368007456EE /* sagrada-familia.jpg */ = {isa = PBXFileReference; lastKnownFileType = image.jpeg; path = "sagrada-familia.jpg"; sourceTree = "<group>"; };
		DA03D1081CBAB368007456EE /* albert einstein.png */ = {isa = PBXFileReference; lastKnownFileType = image.png; path = "albert einstein.png"; sourceTree = "<group>"; };
		DA03D10B1CBAB776007456EE /* albert_Eint_stamp.jpg */ = {isa = PBXFileReference; lastKnownFileType = image.jpeg; path = albert_Eint_stamp.jpg; sourceTree = "<group>"; };
/* End PBXFileReference section */

/* Begin PBXFrameworksBuildPhase section */
		DA03D0EE1CB4EDB6007456EE /* Frameworks */ = {
			isa = PBXFrameworksBuildPhase;
			buildActionMask = 2147483647;
			files = (
			);
			runOnlyForDeploymentPostprocessing = 0;
		};
/* End PBXFrameworksBuildPhase section */

/* Begin PBXGroup section */
		DA03D0E81CB4EDB6007456EE = {
			isa = PBXGroup;
			children = (
				DA03D0F31CB4EDB6007456EE /* Postcard */,
				DA03D0F21CB4EDB6007456EE /* Products */,
			);
			sourceTree = "<group>";
		};
		DA03D0F21CB4EDB6007456EE /* Products */ = {
			isa = PBXGroup;
			children = (
				DA03D0F11CB4EDB6007456EE /* Postcard.app */,
			);
			name = Products;
			sourceTree = "<group>";
		};
		DA03D0F31CB4EDB6007456EE /* Postcard */ = {
			isa = PBXGroup;
			children = (
				DA03D1061CBAB33B007456EE /* Supporting Files */,
				DA03D0F41CB4EDB6007456EE /* AppDelegate.swift */,
				DA03D0F61CB4EDB6007456EE /* ViewController.swift */,
				DA03D0F81CB4EDB6007456EE /* Main.storyboard */,
				DA03D0FB1CB4EDB6007456EE /* Assets.xcassets */,
				DA03D0FD1CB4EDB6007456EE /* LaunchScreen.storyboard */,
				DA03D1001CB4EDB6007456EE /* Info.plist */,
			);
			path = Postcard;
			sourceTree = "<group>";
		};
		DA03D1061CBAB33B007456EE /* Supporting Files */ = {
			isa = PBXGroup;
			children = (
				DA03D10B1CBAB776007456EE /* albert_Eint_stamp.jpg */,
				DA03D1071CBAB368007456EE /* sagrada-familia.jpg */,
				DA03D1081CBAB368007456EE /* albert einstein.png */,
			);
			name = "Supporting Files";
			sourceTree = "<group>";
		};
/* End PBXGroup section */

/* Begin PBXNativeTarget section */
		DA03D0F01CB4EDB6007456EE /* Postcard */ = {
			isa = PBXNativeTarget;
			buildConfigurationList = DA03D1031CB4EDB6007456EE /* Build configuration list for PBXNativeTarget "Postcard" */;
			buildPhases = (
				DA03D0ED1CB4EDB6007456EE /* Sources */,
				DA03D0EE1CB4EDB6007456EE /* Frameworks */,
				DA03D0EF1CB4EDB6007456EE /* Resources */,
			);
			buildRules = (
			);
			dependencies = (
			);
			name = Postcard;
			productName = Postcard;
			productReference = DA03D0F11CB4EDB6007456EE /* Postcard.app */;
			productType = "com.apple.product-type.application";
		};
/* End PBXNativeTarget section */

/* Begin PBXProject section */
		DA03D0E91CB4EDB6007456EE /* Project object */ = {
			isa = PBXProject;
			attributes = {
				LastSwiftUpdateCheck = 0730;
				LastUpgradeCheck = 0730;
				ORGANIZATIONNAME = "Paul Hasfjord";
				TargetAttributes = {
					DA03D0F01CB4EDB6007456EE = {
						CreatedOnToolsVersion = 7.3;
						DevelopmentTeam = 2H58E2Z8QG;
					};
				};
			};
			buildConfigurationList = DA03D0EC1CB4EDB6007456EE /* Build configuration list for PBXProject "Postcard" */;
			compatibilityVersion = "Xcode 3.2";
			developmentRegion = English;
			hasScannedForEncodings = 0;
			knownRegions = (
				en,
				Base,
			);
			mainGroup = DA03D0E81CB4EDB6007456EE;
			productRefGroup = DA03D0F21CB4EDB6007456EE /* Products */;
			projectDirPath = "";
			projectRoot = "";
			targets = (
				DA03D0F01CB4EDB6007456EE /* Postcard */,
			);
		};
/* End PBXProject section */

/* Begin PBXResourcesBuildPhase section */
		DA03D0EF1CB4EDB6007456EE /* Resources */ = {
			isa = PBXResourcesBuildPhase;
			buildActionMask = 2147483647;
			files = (
				DA03D10A1CBAB368007456EE /* albert einstein.png in Resources */,
				DA03D0FF1CB4EDB6007456EE /* LaunchScreen.storyboard in Resources */,
				DA03D1091CBAB368007456EE /* sagrada-familia.jpg in Resources */,
				DA03D0FC1CB4EDB6007456EE /* Assets.xcassets in Resources */,
				DA03D0FA1CB4EDB6007456EE /* Main.storyboard in Resources */,
				DA03D10C1CBAB776007456EE /* albert_Eint_stamp.jpg in Resources */,
			);
			runOnlyForDeploymentPostprocessing = 0;
		};
/* End PBXResourcesBuildPhase section */

/* Begin PBXSourcesBuildPhase section */
		DA03D0ED1CB4EDB6007456EE /* Sources */ = {
			isa = PBXSourcesBuildPhase;
			buildActionMask = 2147483647;
			files = (
				DA03D0F71CB4EDB6007456EE /* ViewController.swift in Sources */,
				DA03D0F51CB4EDB6007456EE /* AppDelegate.swift in Sources */,
			);
			runOnlyForDeploymentPostprocessing = 0;
		};
/* End PBXSourcesBuildPhase section */

/* Begin PBXVariantGroup section */
		DA03D0F81CB4EDB6007456EE /* Main.storyboard */ = {
			isa = PBXVariantGroup;
			children = (
				DA03D0F91CB4EDB6007456EE /* Base */,
			);
			name = Main.storyboard;
			sourceTree = "<group>";
		};
		DA03D0FD1CB4EDB6007456EE /* LaunchScreen.storyboard */ = {
			isa = PBXVariantGroup;
			children = (
				DA03D0FE1CB4EDB6007456EE /* Base */,
			);
			name = LaunchScreen.storyboard;
			sourceTree = "<group>";
		};
/* End PBXVariantGroup section */

/* Begin XCBuildConfiguration section */
		DA03D1011CB4EDB6007456EE /* Debug */ = {
			isa = XCBuildConfiguration;
			buildSettings = {
				ALWAYS_SEARCH_USER_PATHS = NO;
				CLANG_ANALYZER_NONNULL = YES;
				CLANG_CXX_LANGUAGE_STANDARD = "gnu++0x";
				CLANG_CXX_LIBRARY = "libc++";
				CLANG_ENABLE_MODULES = YES;
				CLANG_ENABLE_OBJC_ARC = YES;
				CLANG_WARN_BOOL_CONVERSION = YES;
				CLANG_WARN_CONSTANT_CONVERSION = YES;
				CLANG_WARN_DIRECT_OBJC_ISA_USAGE = YES_ERROR;
				CLANG_WARN_EMPTY_BODY = YES;
				CLANG_WARN_ENUM_CONVERSION = YES;
				CLANG_WARN_INT_CONVERSION = YES;
				CLANG_WARN_OBJC_ROOT_CLASS = YES_ERROR;
				CLANG_WARN_UNREACHABLE_CODE = YES;
				CLANG_WARN__DUPLICATE_METHOD_MATCH = YES;
				"CODE_SIGN_IDENTITY[sdk=iphoneos*]" = "iPhone Developer";
				COPY_PHASE_STRIP = NO;
				DEBUG_INFORMATION_FORMAT = dwarf;
				ENABLE_STRICT_OBJC_MSGSEND = YES;
				ENABLE_TESTABILITY = YES;
				GCC_C_LANGUAGE_STANDARD = gnu99;
				GCC_DYNAMIC_NO_PIC = NO;
				GCC_NO_COMMON_BLOCKS = YES;
				GCC_OPTIMIZATION_LEVEL = 0;
				GCC_PREPROCESSOR_DEFINITIONS = (
					"DEBUG=1",
					"$(inherited)",
				);
				GCC_WARN_64_TO_32_BIT_CONVERSION = YES;
				GCC_WARN_ABOUT_RETURN_TYPE = YES_ERROR;
				GCC_WARN_UNDECLARED_SELECTOR = YES;
				GCC_WARN_UNINITIALIZED_AUTOS = YES_AGGRESSIVE;
				GCC_WARN_UNUSED_FUNCTION = YES;
				GCC_WARN_UNUSED_VARIABLE = YES;
				IPHONEOS_DEPLOYMENT_TARGET = 9.3;
				MTL_ENABLE_DEBUG_INFO = YES;
				ONLY_ACTIVE_ARCH = YES;
				SDKROOT = iphoneos;
				SWIFT_OPTIMIZATION_LEVEL = "-Onone";
				TARGETED_DEVICE_FAMILY = "1,2";
			};
			name = Debug;
		};
		DA03D1021CB4EDB6007456EE /* Release */ = {
			isa = XCBuildConfiguration;
			buildSettings = {
				ALWAYS_SEARCH_USER_PATHS = NO;
				CLANG_ANALYZER_NONNULL = YES;
				CLANG_CXX_LANGUAGE_STANDARD = "gnu++0x";
				CLANG_CXX_LIBRARY = "libc++";
				CLANG_ENABLE_MODULES = YES;
				CLANG_ENABLE_OBJC_ARC = YES;
				CLANG_WARN_BOOL_CONVERSION = YES;
				CLANG_WARN_CONSTANT_CONVERSION = YES;
				CLANG_WARN_DIRECT_OBJC_ISA_USAGE = YES_ERROR;
				CLANG_WARN_EMPTY_BODY = YES;
				CLANG_WARN_ENUM_CONVERSION = YES;
				CLANG_WARN_INT_CONVERSION = YES;
				CLANG_WARN_OBJC_ROOT_CLASS = YES_ERROR;
				CLANG_WARN_UNREACHABLE_CODE = YES;
				CLANG_WARN__DUPLICATE_METHOD_MATCH = YES;
				"CODE_SIGN_IDENTITY[sdk=iphoneos*]" = "iPhone Developer";
				COPY_PHASE_STRIP = NO;
				DEBUG_INFORMATION_FORMAT = "dwarf-with-dsym";
				ENABLE_NS_ASSERTIONS = NO;
				ENABLE_STRICT_OBJC_MSGSEND = YES;
				GCC_C_LANGUAGE_STANDARD = gnu99;
				GCC_NO_COMMON_BLOCKS = YES;
				GCC_WARN_64_TO_32_BIT_CONVERSION = YES;
				GCC_WARN_ABOUT_RETURN_TYPE = YES_ERROR;
				GCC_WARN_UNDECLARED_SELECTOR = YES;
				GCC_WARN_UNINITIALIZED_AUTOS = YES_AGGRESSIVE;
				GCC_WARN_UNUSED_FUNCTION = YES;
				GCC_WARN_UNUSED_VARIABLE = YES;
				IPHONEOS_DEPLOYMENT_TARGET = 9.3;
				MTL_ENABLE_DEBUG_INFO = NO;
				SDKROOT = iphoneos;
				TARGETED_DEVICE_FAMILY = "1,2";
				VALIDATE_PRODUCT = YES;
			};
			name = Release;
		};
		DA03D1041CB4EDB6007456EE /* Debug */ = {
			isa = XCBuildConfiguration;
			buildSettings = {
				ASSETCATALOG_COMPILER_APPICON_NAME = AppIcon;
				CODE_SIGN_IDENTITY = "iPhone Developer";
				"CODE_SIGN_IDENTITY[sdk=iphoneos*]" = "iPhone Developer";
				INFOPLIST_FILE = Postcard/Info.plist;
				LD_RUNPATH_SEARCH_PATHS = "$(inherited) @executable_path/Frameworks";
				PRODUCT_BUNDLE_IDENTIFIER = no.phasfjo.Postcard;
				PRODUCT_NAME = "$(TARGET_NAME)";
				PROVISIONING_PROFILE = "";
			};
			name = Debug;
		};
		DA03D1051CB4EDB6007456EE /* Release */ = {
			isa = XCBuildConfiguration;
			buildSettings = {
				ASSETCATALOG_COMPILER_APPICON_NAME = AppIcon;
				CODE_SIGN_IDENTITY = "iPhone Developer";
				"CODE_SIGN_IDENTITY[sdk=iphoneos*]" = "iPhone Developer";
				INFOPLIST_FILE = Postcard/Info.plist;
				LD_RUNPATH_SEARCH_PATHS = "$(inherited) @executable_path/Frameworks";
				PRODUCT_BUNDLE_IDENTIFIER = no.phasfjo.Postcard;
				PRODUCT_NAME = "$(TARGET_NAME)";
				PROVISIONING_PROFILE = "";
			};
			name = Release;
		};
/* End XCBuildConfiguration section */

/* Begin XCConfigurationList section */
		DA03D0EC1CB4EDB6007456EE /* Build configuration list for PBXProject "Postcard" */ = {
			isa = XCConfigurationList;
			buildConfigurations = (
				DA03D1011CB4EDB6007456EE /* Debug */,
				DA03D1021CB4EDB6007456EE /* Release */,
			);
			defaultConfigurationIsVisible = 0;
			defaultConfigurationName = Release;
		};
		DA03D1031CB4EDB6007456EE /* Build configuration list for PBXNativeTarget "Postcard" */ = {
			isa = XCConfigurationList;
			buildConfigurations = (
				DA03D1041CB4EDB6007456EE /* Debug */,
				DA03D1051CB4EDB6007456EE /* Release */,
			);
			defaultConfigurationIsVisible = 0;
		};
/* End XCConfigurationList section */
	};
	rootObject = DA03D0E91CB4EDB6007456EE /* Project object */;
}
